
Microsoft Visual Studio Solution File, Format Version 12.00
# Visual Studio Version 17
VisualStudioVersion = 17.0.31903.59
MinimumVisualStudioVersion = 10.0.40219.1
Project("{2150E333-8FDC-42A3-9474-1A3956D46DE8}") = "src", "src", "{827E0CD3-B72D-47B6-A68D-7590B98EB39B}"
EndProject
Project("{FAE04EC0-301F-11D3-BF4B-00C04F79EFBC}") = "Zeroshot.Sdk", "src\Zeroshot.Sdk\Zeroshot.Sdk.csproj", "{3100C184-3C1A-4697-BF82-47B0D718A6CC}"
EndProject
Project("{FAE04EC0-301F-11D3-BF4B-00C04F79EFBC}") = "Zeroshot.Cli", "src\Zeroshot.Cli\Zeroshot.Cli.csproj", "{9BA15EFC-E0BD-4584-A17C-1573EE99AD6D}"
EndProject
Project("{2150E333-8FDC-42A3-9474-1A3956D46DE8}") = "tests", "tests", "{0AB3BF05-4346-4AA6-1389-037BE0695223}"
EndProject
Project("{FAE04EC0-301F-11D3-BF4B-00C04F79EFBC}") = "Zeroshot.Sdk.Tests", "tests\Zeroshot.Sdk.Tests\Zeroshot.Sdk.Tests.csproj", "{268F4E17-A1CC-4C01-B750-4342CC1FEC14}"
EndProject
Project("{FAE04EC0-301F-11D3-BF4B-00C04F79EFBC}") = "Zeroshot.Cli.Tests", "tests\Zeroshot.Cli.Tests\Zeroshot.Cli.Tests.csproj", "{6F242D75-1674-48CA-AC40-EBC0DC85CE2A}"
EndProject
Global
	GlobalSection(SolutionConfigurationPlatforms) = preSolution
		Debug|Any CPU = Debug|Any CPU
		Debug|x64 = Debug|x64
		Debug|x86 = Debug|x86
		Release|Any CPU = Release|Any CPU
		Release|x64 = Release|x64
		Release|x86 = Release|x86
	EndGlobalSection
	GlobalSection(ProjectConfigurationPlatforms) = postSolution
		{3100C184-3C1A-4697-BF82-47B0D718A6CC}.Debug|Any CPU.ActiveCfg = Debug|Any CPU
		{3100C184-3C1A-4697-BF82-47B0D718A6CC}.Debug|Any CPU.Build.0 = Debug|Any CPU
		{3100C184-3C1A-4697-BF82-47B0D718A6CC}.Debug|x64.ActiveCfg = Debug|Any CPU
		{3100C184-3C1A-4697-BF82-47B0D718A6CC}.Debug|x64.Build.0 = Debug|Any CPU
		{3100C184-3C1A-4697-BF82-47B0D718A6CC}.Debug|x86.ActiveCfg = Debug|Any CPU
		{3100C184-3C1A-4697-BF82-47B0D718A6CC}.Debug|x86.Build.0 = Debug|Any CPU
		{3100C184-3C1A-4697-BF82-47B0D718A6CC}.Release|Any CPU.ActiveCfg = Release|Any CPU
		{3100C184-3C1A-4697-BF82-47B0D718A6CC}.Release|Any CPU.Build.0 = Release|Any CPU
		{3100C184-3C1A-4697-BF82-47B0D718A6CC}.Release|x64.ActiveCfg = Release|Any CPU
		{3100C184-3C1A-4697-BF82-47B0D718A6CC}.Release|x64.Build.0 = Release|Any CPU
		{3100C184-3C1A-4697-BF82-47B0D718A6CC}.Release|x86.ActiveCfg = Release|Any CPU
		{3100C184-3C1A-4697-BF82-47B0D718A6CC}.Release|x86.Build.0 = Release|Any CPU
		{9BA15EFC-E0BD-4584-A17C-1573EE99AD6D}.Debug|Any CPU.ActiveCfg = Debug|Any CPU
		{9BA15EFC-E0BD-4584-A17C-1573EE99AD6D}.Debug|Any CPU.Build.0 = Debug|Any CPU
		{9BA15EFC-E0BD-4584-A17C-1573EE99AD6D}.Debug|x64.ActiveCfg = Debug|Any CPU
		{9BA15EFC-E0BD-4584-A17C-1573EE99AD6D}.Debug|x64.Build.0 = Debug|Any CPU
		{9BA15EFC-E0BD-4584-A17C-1573EE99AD6D}.Debug|x86.ActiveCfg = Debug|Any CPU
		{9BA15EFC-E0BD-4584-A17C-1573EE99AD6D}.Debug|x86.Build.0 = Debug|Any CPU
		{9BA15EFC-E0BD-4584-A17C-1573EE99AD6D}.Release|Any CPU.ActiveCfg = Release|Any CPU
		{9BA15EFC-E0BD-4584-A17C-1573EE99AD6D}.Release|Any CPU.Build.0 = Release|Any CPU
		{9BA15EFC-E0BD-4584-A17C-1573EE99AD6D}.Release|x64.ActiveCfg = Release|Any CPU
		{9BA15EFC-E0BD-4584-A17C-1573EE99AD6D}.Release|x64.Build.0 = Release|Any CPU
		{9BA15EFC-E0BD-4584-A17C-1573EE99AD6D}.Release|x86.ActiveCfg = Release|Any CPU
		{9BA15EFC-E0BD-4584-A17C-1573EE99AD6D}.Release|x86.Build.0 = Release|Any CPU
		{268F4E17-A1CC-4C01-B750-4342CC1FEC14}.Debug|Any CPU.ActiveCfg = Debug|Any CPU
		{268F4E17-A1CC-4C01-B750-4342CC1FEC14}.Debug|Any CPU.Build.0 = Debug|Any CPU
		{268F4E17-A1CC-4C01-B750-4342CC1FEC14}.Debug|x64.ActiveCfg = Debug|Any CPU
		{268F4E17-A1CC-4C01-B750-4342CC1FEC14}.Debug|x64.Build.0 = Debug|Any CPU
		{268F4E17-A1CC-4C01-B750-4342CC1FEC14}.Debug|x86.ActiveCfg = Debug|Any CPU
		{268F4E17-A1CC-4C01-B750-4342CC1FEC14}.Debug|x86.Build.0 = Debug|Any CPU
		{268F4E17-A1CC-4C01-B750-4342CC1FEC14}.Release|Any CPU.ActiveCfg = Release|Any CPU
		{268F4E17-A1CC-4C01-B750-4342CC1FEC14}.Release|Any CPU.Build.0 = Release|Any CPU
		{268F4E17-A1CC-4C01-B750-4342CC1FEC14}.Release|x64.ActiveCfg = Release|Any CPU
		{268F4E17-A1CC-4C01-B750-4342CC1FEC14}.Release|x64.Build.0 = Release|Any CPU
		{268F4E17-A1CC-4C01-B750-4342CC1FEC14}.Release|x86.ActiveCfg = Release|Any CPU
		{268F4E17-A1CC-4C01-B750-4342CC1FEC14}.Release|x86.Build.0 = Release|Any CPU
		{6F242D75-1674-48CA-AC40-EBC0DC85CE2A}.Debug|Any CPU.ActiveCfg = Debug|Any CPU
		{6F242D75-1674-48CA-AC40-EBC0DC85CE2A}.Debug|Any CPU.Build.0 = Debug|Any CPU
		{6F242D75-1674-48CA-AC40-EBC0DC85CE2A}.Debug|x64.ActiveCfg = Debug|Any CPU
		{6F242D75-1674-48CA-AC40-EBC0DC85CE2A}.Debug|x64.Build.0 = Debug|Any CPU
		{6F242D75-1674-48CA-AC40-EBC0DC85CE2A}.Debug|x86.ActiveCfg = Debug|Any CPU
		{6F242D75-1674-48CA-AC40-EBC0DC85CE2A}.Debug|x86.Build.0 = Debug|Any CPU
		{6F242D75-1674-48CA-AC40-EBC0DC85CE2A}.Release|Any CPU.ActiveCfg = Release|Any CPU
		{6F242D75-1674-48CA-AC40-EBC0DC85CE2A}.Release|Any CPU.Build.0 = Release|Any CPU
		{6F242D75-1674-48CA-AC40-EBC0DC85CE2A}.Release|x64.ActiveCfg = Release|Any CPU
		{6F242D75-1674-48CA-AC40-EBC0DC85CE2A}.Release|x64.Build.0 = Release|Any CPU
		{6F242D75-1674-48CA-AC40-EBC0DC85CE2A}.Release|x86.ActiveCfg = Release|Any CPU
		{6F242D75-1674-48CA-AC40-EBC0DC85CE2A}.Release|x86.Build.0 = Release|Any CPU
	EndGlobalSection
	GlobalSection(SolutionProperties) = preSolution
		HideSolutionNode = FALSE
	EndGlobalSection
	GlobalSection(NestedProjects) = preSolution
		{3100C184-3C1A-4697-BF82-47B0D718A6CC} = {827E0CD3-B72D-47B6-A68D-7590B98EB39B}
		{9BA15EFC-E0BD-4584-A17C-1573EE99AD6D} = {827E0CD3-B72D-47B6-A68D-7590B98EB39B}
		{268F4E17-A1CC-4C01-B750-4342CC1FEC14} = {0AB3BF05-4346-4AA6-1389-037BE0695223}
		{6F242D75-1674-48CA-AC40-EBC0DC85CE2A} = {0AB3BF05-4346-4AA6-1389-037BE0695223}
	EndGlobalSection
EndGlobal
